github.com/martindrlik/play/config v0.0.0-20221204111122-0237253421f1 h1:MSW8q36s0D0QoFNzeY7jUFOuLFGPM1q0E7GZ8xyGnho=
github.com/martindrlik/play/config v0.0.0-20221204111122-0237253421f1/go.mod h1:QJ8SL40ewvb6NVQDqhbFbStDVe9XrdBfJLK3CCXdLYQ=
github.com/martindrlik/play/her v0.0.0-20221203214305-591b9ca2c078 h1:6BaCeBsOriY/FYPdzvxvB4hXJe9pekTcR77DPHhu7bc=
