github.com/martindrlik/play/config v0.0.0-20221204122542-0d6a4592e3ec h1:e7qJ05ZWyhKW6PJ6A6Uw0zm6YLGoXlV6ZPa67Jto1M0=
github.com/martindrlik/play/config v0.0.0-20221204122542-0d6a4592e3ec/go.mod h1:QJ8SL40ewvb6NVQDqhbFbStDVe9XrdBfJLK3CCXdLYQ=
github.com/martindrlik/play/her v0.0.0-20221203214305-591b9ca2c078 h1:6BaCeBsOriY/FYPdzvxvB4hXJe9pekTcR77DPHhu7bc=
